// !$*UTF8*$!
{
	archiveVersion = 1;
	classes = {
	};
	objectVersion = 77;
	objects = {

/* Begin PBXBuildFile section */
		00BD1DDC40881F3422D120DD /* SpectrumAnalyzer.swift in Sources */ = {isa = PBXBuildFile; fileRef = 98E6FC736F23AD417BC8282F /* SpectrumAnalyzer.swift */; };
		0C2BB4286596D7440AC9B4E1 /* CoreAudio.framework in Frameworks */ = {isa = PBXBuildFile; fileRef = 07D20279CADA7E60FF56E2A9 /* CoreAudio.framework */; };
		0DB35EC82AA01D9CDACAB7CF /* MasterGainStrip.swift in Sources */ = {isa = PBXBuildFile; fileRef = 0815837A8E874D3E2438AF77 /* MasterGainStrip.swift */; };
		0ECD1E4200B816FC9A8466EB /* ColorTheme.swift in Sources */ = {isa = PBXBuildFile; fileRef = B9BCB3001159ADD2DCC93896 /* ColorTheme.swift */; };
		0FF6E8A32D7C674A6E0B7EF3 /* MacroKnobsView.swift in Sources */ = {isa = PBXBuildFile; fileRef = CB5E11814DD0F2B8563B26AB /* MacroKnobsView.swift */; };
		11168E4848A7F3E32177E98D /* BandDetailStrip.swift in Sources */ = {isa = PBXBuildFile; fileRef = 2C940473919965E61258BD67 /* BandDetailStrip.swift */; };
		1244A7230612B07EBA24C979 /* MenuBarContent.swift in Sources */ = {isa = PBXBuildFile; fileRef = 4D50004256D3B6C6DDA5DBBD /* MenuBarContent.swift */; };
		12E4CD439A3B063A6B595204 /* OnboardingCard.swift in Sources */ = {isa = PBXBuildFile; fileRef = B79363A01BFE076CB2FADE80 /* OnboardingCard.swift */; };
		158F622208963F0BDFA77A8B /* DesignSystem.swift in Sources */ = {isa = PBXBuildFile; fileRef = F649B47A671694C22F0318FB /* DesignSystem.swift */; };
		24B79DB48E2BC378E8DAF135 /* EQBand.swift in Sources */ = {isa = PBXBuildFile; fileRef = EB5BF5BD8EEBA317B31FD28E /* EQBand.swift */; };
		24E75EFB99DDC5C24A4EB1B4 /* MiniPlayerPanel.swift in Sources */ = {isa = PBXBuildFile; fileRef = 23FB684C7750302A8E428202 /* MiniPlayerPanel.swift */; };
		33D43830E270463441416B78 /* EtherApp.swift in Sources */ = {isa = PBXBuildFile; fileRef = A58AE8E1DBB9765F58547F7F /* EtherApp.swift */; };
		34BC3E88A2F9DDEBCA0AB2C9 /* LoudnessMeter.swift in Sources */ = {isa = PBXBuildFile; fileRef = 6E118E571770242DECADB921 /* LoudnessMeter.swift */; };
		37309F43F38EE1802B6E5C23 /* ShortcutCheatsheet.swift in Sources */ = {isa = PBXBuildFile; fileRef = B161BF497B3BBD5FBDC53392 /* ShortcutCheatsheet.swift */; };
		49CC1B5039E8113277474047 /* SpaceMono-Regular.ttf in Resources */ = {isa = PBXBuildFile; fileRef = FCDD102265DA198D7C5BA7D5 /* SpaceMono-Regular.ttf */; };
		4B40296CF9A107E91AD5485B /* NowPlayingManager.swift in Sources */ = {isa = PBXBuildFile; fileRef = 17CEF7F0CF99D7902B634C1C /* NowPlayingManager.swift */; };
		596AD0A1C6FC26B00D1CB2E2 /* ExperimentalTuningView.swift in Sources */ = {isa = PBXBuildFile; fileRef = 5DC10AAAAB3DF5E3DCEE1BC2 /* ExperimentalTuningView.swift */; };
		60C442C42B2D20A83B275DC2 /* EtherDriver.cpp in Sources */ = {isa = PBXBuildFile; fileRef = 5346113DFBCAF7DF24CD68E4 /* EtherDriver.cpp */; };
		658C5A427E77145C0069B20D /* AdaptiveEQ.swift in Sources */ = {isa = PBXBuildFile; fileRef = 4B2C397962A0CA1E5BA1AB42 /* AdaptiveEQ.swift */; };
		65FBB51AB8668095DEA32573 /* SuggestionPanel.swift in Sources */ = {isa = PBXBuildFile; fileRef = C6CC7403B2FC1BE412D74415 /* SuggestionPanel.swift */; };
		673B763D661811B153450A32 /* AboutView.swift in Sources */ = {isa = PBXBuildFile; fileRef = D054B8D803C68921508D7F1D /* AboutView.swift */; };
		6D8B3DFC1C2761EF6771A751 /* LaunchAtLogin.swift in Sources */ = {isa = PBXBuildFile; fileRef = 4A1CA42EC2A1C4E6D1FA5AC6 /* LaunchAtLogin.swift */; };
		6F844B9567B62D00F0FC2CD7 /* AdvancedView.swift in Sources */ = {isa = PBXBuildFile; fileRef = 0C74B293F84C6E2A7097CE59 /* AdvancedView.swift */; };
		705286FAAECC5F65AE4693BC /* PeakMeterSide.swift in Sources */ = {isa = PBXBuildFile; fileRef = 54BA776AC57C7DE3574FF3CB /* PeakMeterSide.swift */; };
		783733AED72409D6830ECC02 /* EQProfile.swift in Sources */ = {isa = PBXBuildFile; fileRef = 2258F6592852C465D67301C6 /* EQProfile.swift */; };
		7B2FF890FCAEC60342D2C212 /* MiniPlayerView.swift in Sources */ = {isa = PBXBuildFile; fileRef = C354B264EE4368894839F645 /* MiniPlayerView.swift */; };
		7F74D59C9DD543C14530ECD7 /* ABSlotsBar.swift in Sources */ = {isa = PBXBuildFile; fileRef = B152E3EAF007229E217AC976 /* ABSlotsBar.swift */; };
		912D8758EA0288BDDFE12119 /* ReferenceMatcher.swift in Sources */ = {isa = PBXBuildFile; fileRef = 9FEB53A6D91026EAAC16DD3A /* ReferenceMatcher.swift */; };
		91544976E18817E5F928A747 /* CoreFoundation.framework in Frameworks */ = {isa = PBXBuildFile; fileRef = AC7B34D642F03D2E8927A183 /* CoreFoundation.framework */; };
		92C1B6049E380CD0BA5111EC /* RingBuffer.swift in Sources */ = {isa = PBXBuildFile; fileRef = A766B83C1D05FED65BA88D64 /* RingBuffer.swift */; };
		A7A15E1EDD30A0B78A780C05 /* SpatialController.swift in Sources */ = {isa = PBXBuildFile; fileRef = 6FDBC54B4D85901D3AB63E96 /* SpatialController.swift */; };
		AA9596B664D6D76BF6E689E0 /* GlobalHotkeys.swift in Sources */ = {isa = PBXBuildFile; fileRef = D693C3444C6E601A07C466CF /* GlobalHotkeys.swift */; };
		AECD72FFD9D8A48BAE8F75AB /* EQBandsView.swift in Sources */ = {isa = PBXBuildFile; fileRef = CBE97FA899ACA8E1B1B527A2 /* EQBandsView.swift */; };
		B43B2573D794B9D357BF6440 /* EngineManager.swift in Sources */ = {isa = PBXBuildFile; fileRef = 7CB929C46BE8B93107ED6C9F /* EngineManager.swift */; };
		B7AE531349200BF0DBBA0CD6 /* SpatialView.swift in Sources */ = {isa = PBXBuildFile; fileRef = CB5317D16E2C667BA3CFE983 /* SpatialView.swift */; };
		B82AB43D76B408D5701FA240 /* WindowDragHandle.swift in Sources */ = {isa = PBXBuildFile; fileRef = 9D28D698D467438AF89F956D /* WindowDragHandle.swift */; };
		BEB4C40370B59635C52F7167 /* StereoProcessor.swift in Sources */ = {isa = PBXBuildFile; fileRef = D5835C1574661E3C4BD34ECC /* StereoProcessor.swift */; };
		BF3242F847CADBAA46B49FFB /* PreferencesView.swift in Sources */ = {isa = PBXBuildFile; fileRef = 140747B461AB44CC8B81434D /* PreferencesView.swift */; };
		D14B916957581904A38F5045 /* AutoEQAnalyzer.swift in Sources */ = {isa = PBXBuildFile; fileRef = F5CF58D09BBD75C07C008FC1 /* AutoEQAnalyzer.swift */; };
		D89FBDF3A3DC72C16F019C68 /* ContentView.swift in Sources */ = {isa = PBXBuildFile; fileRef = FD6AE34DCD9C44FC8B4BF8A0 /* ContentView.swift */; };
		E0C72E2562A742A333061D7C /* Ether.icns in Resources */ = {isa = PBXBuildFile; fileRef = CEED83C9465A7A77E3D70655 /* Ether.icns */; };
		E3FFC6C0A3735EF40E74BFC9 /* SpaceMono-Bold.ttf in Resources */ = {isa = PBXBuildFile; fileRef = 39B84EE5419D71DBE3BC2BF5 /* SpaceMono-Bold.ttf */; };
		E8FE5130BB02D90F3CF27D5B /* DriverCommunicator.swift in Sources */ = {isa = PBXBuildFile; fileRef = 81B5DF999DEB403CDD067C20 /* DriverCommunicator.swift */; };
		EF770E90CB62B6C0B5E7E8EB /* SpaceMono-BoldItalic.ttf in Resources */ = {isa = PBXBuildFile; fileRef = CE7983B903587634EFBD3FEF /* SpaceMono-BoldItalic.ttf */; };
		F642A2470722430324259C60 /* SpaceMono-Italic.ttf in Resources */ = {isa = PBXBuildFile; fileRef = 3DABE779AC556B0658525BF3 /* SpaceMono-Italic.ttf */; };
		F6560F63C6E039FFA04AE925 /* Denoiser.swift in Sources */ = {isa = PBXBuildFile; fileRef = F94829DA6DF59DDBD993C7A9 /* Denoiser.swift */; };
		FB28C203B35774268C67E59E /* EQController.swift in Sources */ = {isa = PBXBuildFile; fileRef = 8855F9C1B05AE209E31D3877 /* EQController.swift */; };
		FC1F717F44BFD562773863AD /* AudioDeviceManager.swift in Sources */ = {isa = PBXBuildFile; fileRef = 5082850CA70E8C314ED1AAD1 /* AudioDeviceManager.swift */; };
/* End PBXBuildFile section */

/* Begin PBXFileReference section */
		07D20279CADA7E60FF56E2A9 /* CoreAudio.framework */ = {isa = PBXFileReference; lastKnownFileType = wrapper.framework; path = CoreAudio.framework; sourceTree = "<group>"; };
		0815837A8E874D3E2438AF77 /* MasterGainStrip.swift */ = {isa = PBXFileReference; lastKnownFileType = sourcecode.swift; path = MasterGainStrip.swift; sourceTree = "<group>"; };
		0C74B293F84C6E2A7097CE59 /* AdvancedView.swift */ = {isa = PBXFileReference; lastKnownFileType = sourcecode.swift; path = AdvancedView.swift; sourceTree = "<group>"; };
		140747B461AB44CC8B81434D /* PreferencesView.swift */ = {isa = PBXFileReference; lastKnownFileType = sourcecode.swift; path = PreferencesView.swift; sourceTree = "<group>"; };
		17CEF7F0CF99D7902B634C1C /* NowPlayingManager.swift */ = {isa = PBXFileReference; lastKnownFileType = sourcecode.swift; path = NowPlayingManager.swift; sourceTree = "<group>"; };
		2258F6592852C465D67301C6 /* EQProfile.swift */ = {isa = PBXFileReference; lastKnownFileType = sourcecode.swift; path = EQProfile.swift; sourceTree = "<group>"; };
		23FB684C7750302A8E428202 /* MiniPlayerPanel.swift */ = {isa = PBXFileReference; lastKnownFileType = sourcecode.swift; path = MiniPlayerPanel.swift; sourceTree = "<group>"; };
		2C940473919965E61258BD67 /* BandDetailStrip.swift */ = {isa = PBXFileReference; lastKnownFileType = sourcecode.swift; path = BandDetailStrip.swift; sourceTree = "<group>"; };
		35F189FA0F1BE08CCC9BDB56 /* EtherDriver.h */ = {isa = PBXFileReference; lastKnownFileType = sourcecode.c.h; path = EtherDriver.h; sourceTree = "<group>"; };
		39B84EE5419D71DBE3BC2BF5 /* SpaceMono-Bold.ttf */ = {isa = PBXFileReference; lastKnownFileType = file; path = "SpaceMono-Bold.ttf"; sourceTree = "<group>"; };
		3DABE779AC556B0658525BF3 /* SpaceMono-Italic.ttf */ = {isa = PBXFileReference; lastKnownFileType = file; path = "SpaceMono-Italic.ttf"; sourceTree = "<group>"; };
		4A1CA42EC2A1C4E6D1FA5AC6 /* LaunchAtLogin.swift */ = {isa = PBXFileReference; lastKnownFileType = sourcecode.swift; path = LaunchAtLogin.swift; sourceTree = "<group>"; };
		4B2C397962A0CA1E5BA1AB42 /* AdaptiveEQ.swift */ = {isa = PBXFileReference; lastKnownFileType = sourcecode.swift; path = AdaptiveEQ.swift; sourceTree = "<group>"; };
		4C9C4AE4EBDA94AF4254CECD /* Ether.app */ = {isa = PBXFileReference; explicitFileType = wrapper.application; includeInIndex = 0; path = Ether.app; sourceTree = BUILT_PRODUCTS_DIR; };
		4D50004256D3B6C6DDA5DBBD /* MenuBarContent.swift */ = {isa = PBXFileReference; lastKnownFileType = sourcecode.swift; path = MenuBarContent.swift; sourceTree = "<group>"; };
		5082850CA70E8C314ED1AAD1 /* AudioDeviceManager.swift */ = {isa = PBXFileReference; lastKnownFileType = sourcecode.swift; path = AudioDeviceManager.swift; sourceTree = "<group>"; };
		5346113DFBCAF7DF24CD68E4 /* EtherDriver.cpp */ = {isa = PBXFileReference; lastKnownFileType = sourcecode.cpp.cpp; path = EtherDriver.cpp; sourceTree = "<group>"; };
		54BA776AC57C7DE3574FF3CB /* PeakMeterSide.swift */ = {isa = PBXFileReference; lastKnownFileType = sourcecode.swift; path = PeakMeterSide.swift; sourceTree = "<group>"; };
		5DC10AAAAB3DF5E3DCEE1BC2 /* ExperimentalTuningView.swift */ = {isa = PBXFileReference; lastKnownFileType = sourcecode.swift; path = ExperimentalTuningView.swift; sourceTree = "<group>"; };
		6E118E571770242DECADB921 /* LoudnessMeter.swift */ = {isa = PBXFileReference; lastKnownFileType = sourcecode.swift; path = LoudnessMeter.swift; sourceTree = "<group>"; };
		6FDBC54B4D85901D3AB63E96 /* SpatialController.swift */ = {isa = PBXFileReference; lastKnownFileType = sourcecode.swift; path = SpatialController.swift; sourceTree = "<group>"; };
		7CB929C46BE8B93107ED6C9F /* EngineManager.swift */ = {isa = PBXFileReference; lastKnownFileType = sourcecode.swift; path = EngineManager.swift; sourceTree = "<group>"; };
		81B5DF999DEB403CDD067C20 /* DriverCommunicator.swift */ = {isa = PBXFileReference; lastKnownFileType = sourcecode.swift; path = DriverCommunicator.swift; sourceTree = "<group>"; };
		8855F9C1B05AE209E31D3877 /* EQController.swift */ = {isa = PBXFileReference; lastKnownFileType = sourcecode.swift; path = EQController.swift; sourceTree = "<group>"; };
		98E6FC736F23AD417BC8282F /* SpectrumAnalyzer.swift */ = {isa = PBXFileReference; lastKnownFileType = sourcecode.swift; path = SpectrumAnalyzer.swift; sourceTree = "<group>"; };
		9D28D698D467438AF89F956D /* WindowDragHandle.swift */ = {isa = PBXFileReference; lastKnownFileType = sourcecode.swift; path = WindowDragHandle.swift; sourceTree = "<group>"; };
		9FEB53A6D91026EAAC16DD3A /* ReferenceMatcher.swift */ = {isa = PBXFileReference; lastKnownFileType = sourcecode.swift; path = ReferenceMatcher.swift; sourceTree = "<group>"; };
		A2F6372FD083C7D1224A3207 /* EtherDriver.bundle */ = {isa = PBXFileReference; explicitFileType = wrapper.cfbundle; includeInIndex = 0; path = EtherDriver.bundle; sourceTree = BUILT_PRODUCTS_DIR; };
		A58AE8E1DBB9765F58547F7F /* EtherApp.swift */ = {isa = PBXFileReference; lastKnownFileType = sourcecode.swift; path = EtherApp.swift; sourceTree = "<group>"; };
		A766B83C1D05FED65BA88D64 /* RingBuffer.swift */ = {isa = PBXFileReference; lastKnownFileType = sourcecode.swift; path = RingBuffer.swift; sourceTree = "<group>"; };
		AC7B34D642F03D2E8927A183 /* CoreFoundation.framework */ = {isa = PBXFileReference; lastKnownFileType = wrapper.framework; path = CoreFoundation.framework; sourceTree = "<group>"; };
		B152E3EAF007229E217AC976 /* ABSlotsBar.swift */ = {isa = PBXFileReference; lastKnownFileType = sourcecode.swift; path = ABSlotsBar.swift; sourceTree = "<group>"; };
		B161BF497B3BBD5FBDC53392 /* ShortcutCheatsheet.swift */ = {isa = PBXFileReference; lastKnownFileType = sourcecode.swift; path = ShortcutCheatsheet.swift; sourceTree = "<group>"; };
		B79363A01BFE076CB2FADE80 /* OnboardingCard.swift */ = {isa = PBXFileReference; lastKnownFileType = sourcecode.swift; path = OnboardingCard.swift; sourceTree = "<group>"; };
		B9BCB3001159ADD2DCC93896 /* ColorTheme.swift */ = {isa = PBXFileReference; lastKnownFileType = sourcecode.swift; path = ColorTheme.swift; sourceTree = "<group>"; };
		C354B264EE4368894839F645 /* MiniPlayerView.swift */ = {isa = PBXFileReference; lastKnownFileType = sourcecode.swift; path = MiniPlayerView.swift; sourceTree = "<group>"; };
		C6CC7403B2FC1BE412D74415 /* SuggestionPanel.swift */ = {isa = PBXFileReference; lastKnownFileType = sourcecode.swift; path = SuggestionPanel.swift; sourceTree = "<group>"; };
		CB5317D16E2C667BA3CFE983 /* SpatialView.swift */ = {isa = PBXFileReference; lastKnownFileType = sourcecode.swift; path = SpatialView.swift; sourceTree = "<group>"; };
		CB5E11814DD0F2B8563B26AB /* MacroKnobsView.swift */ = {isa = PBXFileReference; lastKnownFileType = sourcecode.swift; path = MacroKnobsView.swift; sourceTree = "<group>"; };
		CBE97FA899ACA8E1B1B527A2 /* EQBandsView.swift */ = {isa = PBXFileReference; lastKnownFileType = sourcecode.swift; path = EQBandsView.swift; sourceTree = "<group>"; };
		CE7983B903587634EFBD3FEF /* SpaceMono-BoldItalic.ttf */ = {isa = PBXFileReference; lastKnownFileType = file; path = "SpaceMono-BoldItalic.ttf"; sourceTree = "<group>"; };
		CEED83C9465A7A77E3D70655 /* Ether.icns */ = {isa = PBXFileReference; lastKnownFileType = image.icns; path = Ether.icns; sourceTree = "<group>"; };
		D054B8D803C68921508D7F1D /* AboutView.swift */ = {isa = PBXFileReference; lastKnownFileType = sourcecode.swift; path = AboutView.swift; sourceTree = "<group>"; };
		D5835C1574661E3C4BD34ECC /* StereoProcessor.swift */ = {isa = PBXFileReference; lastKnownFileType = sourcecode.swift; path = StereoProcessor.swift; sourceTree = "<group>"; };
		D693C3444C6E601A07C466CF /* GlobalHotkeys.swift */ = {isa = PBXFileReference; lastKnownFileType = sourcecode.swift; path = GlobalHotkeys.swift; sourceTree = "<group>"; };
		EB5BF5BD8EEBA317B31FD28E /* EQBand.swift */ = {isa = PBXFileReference; lastKnownFileType = sourcecode.swift; path = EQBand.swift; sourceTree = "<group>"; };
		F5CF58D09BBD75C07C008FC1 /* AutoEQAnalyzer.swift */ = {isa = PBXFileReference; lastKnownFileType = sourcecode.swift; path = AutoEQAnalyzer.swift; sourceTree = "<group>"; };
		F649B47A671694C22F0318FB /* DesignSystem.swift */ = {isa = PBXFileReference; lastKnownFileType = sourcecode.swift; path = DesignSystem.swift; sourceTree = "<group>"; };
		F94829DA6DF59DDBD993C7A9 /* Denoiser.swift */ = {isa = PBXFileReference; lastKnownFileType = sourcecode.swift; path = Denoiser.swift; sourceTree = "<group>"; };
		FCDD102265DA198D7C5BA7D5 /* SpaceMono-Regular.ttf */ = {isa = PBXFileReference; lastKnownFileType = file; path = "SpaceMono-Regular.ttf"; sourceTree = "<group>"; };
		FD6AE34DCD9C44FC8B4BF8A0 /* ContentView.swift */ = {isa = PBXFileReference; lastKnownFileType = sourcecode.swift; path = ContentView.swift; sourceTree = "<group>"; };
/* End PBXFileReference section */

/* Begin PBXFrameworksBuildPhase section */
		6FF9C568C6AE6EDA1A8C55C2 /* Frameworks */ = {
			isa = PBXFrameworksBuildPhase;
			buildActionMask = 2147483647;
			files = (
				91544976E18817E5F928A747 /* CoreFoundation.framework in Frameworks */,
				0C2BB4286596D7440AC9B4E1 /* CoreAudio.framework in Frameworks */,
			);
			runOnlyForDeploymentPostprocessing = 0;
		};
/* End PBXFrameworksBuildPhase section */

/* Begin PBXGroup section */
		0C918995A0F522F32ECE2316 /* Fonts */ = {
			isa = PBXGroup;
			children = (
				39B84EE5419D71DBE3BC2BF5 /* SpaceMono-Bold.ttf */,
				CE7983B903587634EFBD3FEF /* SpaceMono-BoldItalic.ttf */,
				3DABE779AC556B0658525BF3 /* SpaceMono-Italic.ttf */,
				FCDD102265DA198D7C5BA7D5 /* SpaceMono-Regular.ttf */,
			);
			name = Fonts;
			path = Assets/Fonts;
			sourceTree = "<group>";
		};
		1D781828D7F6F5341B2510CC /* App */ = {
			isa = PBXGroup;
			children = (
				A58AE8E1DBB9765F58547F7F /* EtherApp.swift */,
			);
			path = App;
			sourceTree = "<group>";
		};
		237FD14765A291051C5353B0 /* Products */ = {
			isa = PBXGroup;
			children = (
				4C9C4AE4EBDA94AF4254CECD /* Ether.app */,
				A2F6372FD083C7D1224A3207 /* EtherDriver.bundle */,
			);
			name = Products;
			sourceTree = "<group>";
		};
		6AC5C9095D8695641146F5F5 = {
			isa = PBXGroup;
			children = (
				AC04DE0E94EDE578A309F6F9 /* Assets */,
				B53FD1CAD119D918EA0BA713 /* Driver */,
				0C918995A0F522F32ECE2316 /* Fonts */,
				A84B84F1832FF4F36748AC75 /* Sources */,
				AEF2F2C301701D40F3E9A8EC /* Frameworks */,
				237FD14765A291051C5353B0 /* Products */,
			);
			sourceTree = "<group>";
		};
		8DC0A2AF35CDBF2B7D7003AB /* Views */ = {
			isa = PBXGroup;
			children = (
				D054B8D803C68921508D7F1D /* AboutView.swift */,
				B152E3EAF007229E217AC976 /* ABSlotsBar.swift */,
				0C74B293F84C6E2A7097CE59 /* AdvancedView.swift */,
				2C940473919965E61258BD67 /* BandDetailStrip.swift */,
				FD6AE34DCD9C44FC8B4BF8A0 /* ContentView.swift */,
				F649B47A671694C22F0318FB /* DesignSystem.swift */,
				CBE97FA899ACA8E1B1B527A2 /* EQBandsView.swift */,
				5DC10AAAAB3DF5E3DCEE1BC2 /* ExperimentalTuningView.swift */,
				CB5E11814DD0F2B8563B26AB /* MacroKnobsView.swift */,
				0815837A8E874D3E2438AF77 /* MasterGainStrip.swift */,
				4D50004256D3B6C6DDA5DBBD /* MenuBarContent.swift */,
				23FB684C7750302A8E428202 /* MiniPlayerPanel.swift */,
				C354B264EE4368894839F645 /* MiniPlayerView.swift */,
				B79363A01BFE076CB2FADE80 /* OnboardingCard.swift */,
				54BA776AC57C7DE3574FF3CB /* PeakMeterSide.swift */,
				140747B461AB44CC8B81434D /* PreferencesView.swift */,
				B161BF497B3BBD5FBDC53392 /* ShortcutCheatsheet.swift */,
				CB5317D16E2C667BA3CFE983 /* SpatialView.swift */,
				C6CC7403B2FC1BE412D74415 /* SuggestionPanel.swift */,
				9D28D698D467438AF89F956D /* WindowDragHandle.swift */,
			);
			path = Views;
			sourceTree = "<group>";
		};
		9C1E641C5073C9564317FD14 /* Audio */ = {
			isa = PBXGroup;
			children = (
				4B2C397962A0CA1E5BA1AB42 /* AdaptiveEQ.swift */,
				5082850CA70E8C314ED1AAD1 /* AudioDeviceManager.swift */,
				F5CF58D09BBD75C07C008FC1 /* AutoEQAnalyzer.swift */,
				B9BCB3001159ADD2DCC93896 /* ColorTheme.swift */,
				F94829DA6DF59DDBD993C7A9 /* Denoiser.swift */,
				81B5DF999DEB403CDD067C20 /* DriverCommunicator.swift */,
				7CB929C46BE8B93107ED6C9F /* EngineManager.swift */,
				EB5BF5BD8EEBA317B31FD28E /* EQBand.swift */,
				8855F9C1B05AE209E31D3877 /* EQController.swift */,
				2258F6592852C465D67301C6 /* EQProfile.swift */,
				D693C3444C6E601A07C466CF /* GlobalHotkeys.swift */,
				4A1CA42EC2A1C4E6D1FA5AC6 /* LaunchAtLogin.swift */,
				6E118E571770242DECADB921 /* LoudnessMeter.swift */,
				17CEF7F0CF99D7902B634C1C /* NowPlayingManager.swift */,
				9FEB53A6D91026EAAC16DD3A /* ReferenceMatcher.swift */,
				A766B83C1D05FED65BA88D64 /* RingBuffer.swift */,
				6FDBC54B4D85901D3AB63E96 /* SpatialController.swift */,
				98E6FC736F23AD417BC8282F /* SpectrumAnalyzer.swift */,
				D5835C1574661E3C4BD34ECC /* StereoProcessor.swift */,
			);
			path = Audio;
			sourceTree = "<group>";
		};
		A84B84F1832FF4F36748AC75 /* Sources */ = {
			isa = PBXGroup;
			children = (
				1D781828D7F6F5341B2510CC /* App */,
				9C1E641C5073C9564317FD14 /* Audio */,
				8DC0A2AF35CDBF2B7D7003AB /* Views */,
			);
			path = Sources;
			sourceTree = "<group>";
		};
		AC04DE0E94EDE578A309F6F9 /* Assets */ = {
			isa = PBXGroup;
			children = (
				CEED83C9465A7A77E3D70655 /* Ether.icns */,
			);
			path = Assets;
			sourceTree = "<group>";
		};
		AEF2F2C301701D40F3E9A8EC /* Frameworks */ = {
			isa = PBXGroup;
			children = (
				07D20279CADA7E60FF56E2A9 /* CoreAudio.framework */,
				AC7B34D642F03D2E8927A183 /* CoreFoundation.framework */,
			);
			name = Frameworks;
			sourceTree = "<group>";
		};
		B53FD1CAD119D918EA0BA713 /* Driver */ = {
			isa = PBXGroup;
			children = (
				5346113DFBCAF7DF24CD68E4 /* EtherDriver.cpp */,
				35F189FA0F1BE08CCC9BDB56 /* EtherDriver.h */,
			);
			path = Driver;
			sourceTree = "<group>";
		};
/* End PBXGroup section */

/* Begin PBXNativeTarget section */
		1D604ABBD3D1181AECB5DD19 /* Ether */ = {
			isa = PBXNativeTarget;
			buildConfigurationList = CF9FD6B639C7735EFA16ADF6 /* Build configuration list for PBXNativeTarget "Ether" */;
			buildPhases = (
				323B40E78F933AC4FA916880 /* Sources */,
				E561F6DF675FC588BC6CD018 /* Resources */,
			);
			buildRules = (
			);
			dependencies = (
			);
			name = Ether;
			packageProductDependencies = (
			);
			productName = Ether;
			productReference = 4C9C4AE4EBDA94AF4254CECD /* Ether.app */;
			productType = "com.apple.product-type.application";
		};
		9DDA1EE34803342B5DAC43EE /* EtherDriver */ = {
			isa = PBXNativeTarget;
			buildConfigurationList = EF68CBB208C49C759D320992 /* Build configuration list for PBXNativeTarget "EtherDriver" */;
			buildPhases = (
				E106491A7F4F2A3C5A0D27CD /* Sources */,
				6FF9C568C6AE6EDA1A8C55C2 /* Frameworks */,
			);
			buildRules = (
			);
			dependencies = (
			);
			name = EtherDriver;
			packageProductDependencies = (
			);
			productName = EtherDriver;
			productReference = A2F6372FD083C7D1224A3207 /* EtherDriver.bundle */;
			productType = "com.apple.product-type.bundle";
		};
/* End PBXNativeTarget section */

/* Begin PBXProject section */
		4D8DEB8D566E1C3C0D34BB3A /* Project object */ = {
			isa = PBXProject;
			attributes = {
				BuildIndependentTargetsInParallel = YES;
				LastUpgradeCheck = 1430;
				TargetAttributes = {
				};
			};
			buildConfigurationList = F9FEA416E250B1A34AF4DFB4 /* Build configuration list for PBXProject "Ether" */;
			developmentRegion = en;
			hasScannedForEncodings = 0;
			knownRegions = (
				Base,
				en,
			);
			mainGroup = 6AC5C9095D8695641146F5F5;
			minimizedProjectReferenceProxies = 1;
			preferredProjectObjectVersion = 77;
			productRefGroup = 237FD14765A291051C5353B0 /* Products */;
			projectDirPath = "";
			projectRoot = "";
			targets = (
				1D604ABBD3D1181AECB5DD19 /* Ether */,
				9DDA1EE34803342B5DAC43EE /* EtherDriver */,
			);
		};
/* End PBXProject section */

/* Begin PBXResourcesBuildPhase section */
		E561F6DF675FC588BC6CD018 /* Resources */ = {
			isa = PBXResourcesBuildPhase;
			buildActionMask = 2147483647;
			files = (
				E0C72E2562A742A333061D7C /* Ether.icns in Resources */,
				E3FFC6C0A3735EF40E74BFC9 /* SpaceMono-Bold.ttf in Resources */,
				EF770E90CB62B6C0B5E7E8EB /* SpaceMono-BoldItalic.ttf in Resources */,
				F642A2470722430324259C60 /* SpaceMono-Italic.ttf in Resources */,
				49CC1B5039E8113277474047 /* SpaceMono-Regular.ttf in Resources */,
			);
			runOnlyForDeploymentPostprocessing = 0;
		};
/* End PBXResourcesBuildPhase section */

/* Begin PBXSourcesBuildPhase section */
		323B40E78F933AC4FA916880 /* Sources */ = {
			isa = PBXSourcesBuildPhase;
			buildActionMask = 2147483647;
			files = (
				7F74D59C9DD543C14530ECD7 /* ABSlotsBar.swift in Sources */,
				673B763D661811B153450A32 /* AboutView.swift in Sources */,
				658C5A427E77145C0069B20D /* AdaptiveEQ.swift in Sources */,
				6F844B9567B62D00F0FC2CD7 /* AdvancedView.swift in Sources */,
				FC1F717F44BFD562773863AD /* AudioDeviceManager.swift in Sources */,
				D14B916957581904A38F5045 /* AutoEQAnalyzer.swift in Sources */,
				11168E4848A7F3E32177E98D /* BandDetailStrip.swift in Sources */,
				0ECD1E4200B816FC9A8466EB /* ColorTheme.swift in Sources */,
				D89FBDF3A3DC72C16F019C68 /* ContentView.swift in Sources */,
				F6560F63C6E039FFA04AE925 /* Denoiser.swift in Sources */,
				158F622208963F0BDFA77A8B /* DesignSystem.swift in Sources */,
				E8FE5130BB02D90F3CF27D5B /* DriverCommunicator.swift in Sources */,
				24B79DB48E2BC378E8DAF135 /* EQBand.swift in Sources */,
				AECD72FFD9D8A48BAE8F75AB /* EQBandsView.swift in Sources */,
				FB28C203B35774268C67E59E /* EQController.swift in Sources */,
				783733AED72409D6830ECC02 /* EQProfile.swift in Sources */,
				B43B2573D794B9D357BF6440 /* EngineManager.swift in Sources */,
				33D43830E270463441416B78 /* EtherApp.swift in Sources */,
				596AD0A1C6FC26B00D1CB2E2 /* ExperimentalTuningView.swift in Sources */,
				AA9596B664D6D76BF6E689E0 /* GlobalHotkeys.swift in Sources */,
				6D8B3DFC1C2761EF6771A751 /* LaunchAtLogin.swift in Sources */,
				34BC3E88A2F9DDEBCA0AB2C9 /* LoudnessMeter.swift in Sources */,
				0FF6E8A32D7C674A6E0B7EF3 /* MacroKnobsView.swift in Sources */,
				0DB35EC82AA01D9CDACAB7CF /* MasterGainStrip.swift in Sources */,
				1244A7230612B07EBA24C979 /* MenuBarContent.swift in Sources */,
				24E75EFB99DDC5C24A4EB1B4 /* MiniPlayerPanel.swift in Sources */,
				7B2FF890FCAEC60342D2C212 /* MiniPlayerView.swift in Sources */,
				4B40296CF9A107E91AD5485B /* NowPlayingManager.swift in Sources */,
				12E4CD439A3B063A6B595204 /* OnboardingCard.swift in Sources */,
				705286FAAECC5F65AE4693BC /* PeakMeterSide.swift in Sources */,
				BF3242F847CADBAA46B49FFB /* PreferencesView.swift in Sources */,
				912D8758EA0288BDDFE12119 /* ReferenceMatcher.swift in Sources */,
				92C1B6049E380CD0BA5111EC /* RingBuffer.swift in Sources */,
				37309F43F38EE1802B6E5C23 /* ShortcutCheatsheet.swift in Sources */,
				A7A15E1EDD30A0B78A780C05 /* SpatialController.swift in Sources */,
				B7AE531349200BF0DBBA0CD6 /* SpatialView.swift in Sources */,
				00BD1DDC40881F3422D120DD /* SpectrumAnalyzer.swift in Sources */,
				BEB4C40370B59635C52F7167 /* StereoProcessor.swift in Sources */,
				65FBB51AB8668095DEA32573 /* SuggestionPanel.swift in Sources */,
				B82AB43D76B408D5701FA240 /* WindowDragHandle.swift in Sources */,
			);
			runOnlyForDeploymentPostprocessing = 0;
		};
		E106491A7F4F2A3C5A0D27CD /* Sources */ = {
			isa = PBXSourcesBuildPhase;
			buildActionMask = 2147483647;
			files = (
				60C442C42B2D20A83B275DC2 /* EtherDriver.cpp in Sources */,
			);
			runOnlyForDeploymentPostprocessing = 0;
		};
/* End PBXSourcesBuildPhase section */

/* Begin XCBuildConfiguration section */
		30C3A96DEE5487744ABDBC53 /* Release */ = {
			isa = XCBuildConfiguration;
			buildSettings = {
				ALWAYS_SEARCH_USER_PATHS = NO;
				CLANG_ANALYZER_NONNULL = YES;
				CLANG_ANALYZER_NUMBER_OBJECT_CONVERSION = YES_AGGRESSIVE;
				CLANG_CXX_LANGUAGE_STANDARD = "gnu++14";
				CLANG_CXX_LIBRARY = "libc++";
				CLANG_ENABLE_MODULES = YES;
				CLANG_ENABLE_OBJC_ARC = YES;
				CLANG_ENABLE_OBJC_WEAK = YES;
				CLANG_WARN_BLOCK_CAPTURE_AUTORELEASING = YES;
				CLANG_WARN_BOOL_CONVERSION = YES;
				CLANG_WARN_COMMA = YES;
				CLANG_WARN_CONSTANT_CONVERSION = YES;
				CLANG_WARN_DEPRECATED_OBJC_IMPLEMENTATIONS = YES;
				CLANG_WARN_DIRECT_OBJC_ISA_USAGE = YES_ERROR;
				CLANG_WARN_DOCUMENTATION_COMMENTS = YES;
				CLANG_WARN_EMPTY_BODY = YES;
				CLANG_WARN_ENUM_CONVERSION = YES;
				CLANG_WARN_INFINITE_RECURSION = YES;
				CLANG_WARN_INT_CONVERSION = YES;
				CLANG_WARN_NON_LITERAL_NULL_CONVERSION = YES;
				CLANG_WARN_OBJC_IMPLICIT_RETAIN_SELF = YES;
				CLANG_WARN_OBJC_LITERAL_CONVERSION = YES;
				CLANG_WARN_OBJC_ROOT_CLASS = YES_ERROR;
				CLANG_WARN_QUOTED_INCLUDE_IN_FRAMEWORK_HEADER = YES;
				CLANG_WARN_RANGE_LOOP_ANALYSIS = YES;
				CLANG_WARN_STRICT_PROTOTYPES = YES;
				CLANG_WARN_SUSPICIOUS_MOVE = YES;
				CLANG_WARN_UNGUARDED_AVAILABILITY = YES_AGGRESSIVE;
				CLANG_WARN_UNREACHABLE_CODE = YES;
				CLANG_WARN__DUPLICATE_METHOD_MATCH = YES;
				COPY_PHASE_STRIP = NO;
				DEBUG_INFORMATION_FORMAT = "dwarf-with-dsym";
				ENABLE_NS_ASSERTIONS = NO;
				ENABLE_STRICT_OBJC_MSGSEND = YES;
				GCC_C_LANGUAGE_STANDARD = gnu11;
				GCC_NO_COMMON_BLOCKS = YES;
				GCC_WARN_64_TO_32_BIT_CONVERSION = YES;
				GCC_WARN_ABOUT_RETURN_TYPE = YES_ERROR;
				GCC_WARN_UNDECLARED_SELECTOR = YES;
				GCC_WARN_UNINITIALIZED_AUTOS = YES_AGGRESSIVE;
				GCC_WARN_UNUSED_FUNCTION = YES;
				GCC_WARN_UNUSED_VARIABLE = YES;
				MACOSX_DEPLOYMENT_TARGET = 14.0;
				MTL_ENABLE_DEBUG_INFO = NO;
				MTL_FAST_MATH = YES;
				PRODUCT_NAME = "$(TARGET_NAME)";
				SDKROOT = macosx;
				SWIFT_COMPILATION_MODE = wholemodule;
				SWIFT_OPTIMIZATION_LEVEL = "-O";
				SWIFT_VERSION = 5.0;
			};
			name = Release;
		};
		46D56955C0D01C83509CB555 /* Release */ = {
			isa = XCBuildConfiguration;
			buildSettings = {
				ASSETCATALOG_COMPILER_APPICON_NAME = AppIcon;
				CODE_SIGN_ENTITLEMENTS = Ether.entitlements;
				CODE_SIGN_INJECT_BASE_ENTITLEMENTS = NO;
				COMBINE_HIDPI_IMAGES = YES;
				CURRENT_PROJECT_VERSION = 6;
				INFOPLIST_FILE = Info.plist;
				LD_RUNPATH_SEARCH_PATHS = (
					"$(inherited)",
					"@executable_path/../Frameworks",
				);
				MARKETING_VERSION = 1.1.2;
				PRODUCT_BUNDLE_IDENTIFIER = audio.ether.app;
				PRODUCT_NAME = Ether;
				SDKROOT = macosx;
				SWIFT_VERSION = 5;
			};
			name = Release;
		};
		78074C9CCC1E91E374AF9D35 /* Debug */ = {
			isa = XCBuildConfiguration;
			buildSettings = {
				ASSETCATALOG_COMPILER_APPICON_NAME = AppIcon;
				CODE_SIGN_ENTITLEMENTS = Ether.entitlements;
				COMBINE_HIDPI_IMAGES = YES;
				CURRENT_PROJECT_VERSION = 6;
				INFOPLIST_FILE = Info.plist;
				LD_RUNPATH_SEARCH_PATHS = (
					"$(inherited)",
					"@executable_path/../Frameworks",
				);
				MARKETING_VERSION = 1.1.2;
				PRODUCT_BUNDLE_IDENTIFIER = audio.ether.app;
				PRODUCT_NAME = Ether;
				SDKROOT = macosx;
				SWIFT_VERSION = 5;
			};
			name = Debug;
		};
		86DED24F8C81AD3EAD37EACE /* Debug */ = {
			isa = XCBuildConfiguration;
			buildSettings = {
				ALWAYS_SEARCH_USER_PATHS = NO;
				CLANG_ANALYZER_NONNULL = YES;
				CLANG_ANALYZER_NUMBER_OBJECT_CONVERSION = YES_AGGRESSIVE;
				CLANG_CXX_LANGUAGE_STANDARD = "gnu++14";
				CLANG_CXX_LIBRARY = "libc++";
				CLANG_ENABLE_MODULES = YES;
				CLANG_ENABLE_OBJC_ARC = YES;
				CLANG_ENABLE_OBJC_WEAK = YES;
				CLANG_WARN_BLOCK_CAPTURE_AUTORELEASING = YES;
				CLANG_WARN_BOOL_CONVERSION = YES;
				CLANG_WARN_COMMA = YES;
				CLANG_WARN_CONSTANT_CONVERSION = YES;
				CLANG_WARN_DEPRECATED_OBJC_IMPLEMENTATIONS = YES;
				CLANG_WARN_DIRECT_OBJC_ISA_USAGE = YES_ERROR;
				CLANG_WARN_DOCUMENTATION_COMMENTS = YES;
				CLANG_WARN_EMPTY_BODY = YES;
				CLANG_WARN_ENUM_CONVERSION = YES;
				CLANG_WARN_INFINITE_RECURSION = YES;
				CLANG_WARN_INT_CONVERSION = YES;
				CLANG_WARN_NON_LITERAL_NULL_CONVERSION = YES;
				CLANG_WARN_OBJC_IMPLICIT_RETAIN_SELF = YES;
				CLANG_WARN_OBJC_LITERAL_CONVERSION = YES;
				CLANG_WARN_OBJC_ROOT_CLASS = YES_ERROR;
				CLANG_WARN_QUOTED_INCLUDE_IN_FRAMEWORK_HEADER = YES;
				CLANG_WARN_RANGE_LOOP_ANALYSIS = YES;
				CLANG_WARN_STRICT_PROTOTYPES = YES;
				CLANG_WARN_SUSPICIOUS_MOVE = YES;
				CLANG_WARN_UNGUARDED_AVAILABILITY = YES_AGGRESSIVE;
				CLANG_WARN_UNREACHABLE_CODE = YES;
				CLANG_WARN__DUPLICATE_METHOD_MATCH = YES;
				COPY_PHASE_STRIP = NO;
				DEBUG_INFORMATION_FORMAT = dwarf;
				ENABLE_STRICT_OBJC_MSGSEND = YES;
				ENABLE_TESTABILITY = YES;
				GCC_C_LANGUAGE_STANDARD = gnu11;
				GCC_DYNAMIC_NO_PIC = NO;
				GCC_NO_COMMON_BLOCKS = YES;
				GCC_OPTIMIZATION_LEVEL = 0;
				GCC_PREPROCESSOR_DEFINITIONS = (
					"$(inherited)",
					"DEBUG=1",
				);
				GCC_WARN_64_TO_32_BIT_CONVERSION = YES;
				GCC_WARN_ABOUT_RETURN_TYPE = YES_ERROR;
				GCC_WARN_UNDECLARED_SELECTOR = YES;
				GCC_WARN_UNINITIALIZED_AUTOS = YES_AGGRESSIVE;
				GCC_WARN_UNUSED_FUNCTION = YES;
				GCC_WARN_UNUSED_VARIABLE = YES;
				MACOSX_DEPLOYMENT_TARGET = 14.0;
				MTL_ENABLE_DEBUG_INFO = INCLUDE_SOURCE;
				MTL_FAST_MATH = YES;
				ONLY_ACTIVE_ARCH = YES;
				PRODUCT_NAME = "$(TARGET_NAME)";
				SDKROOT = macosx;
				SWIFT_ACTIVE_COMPILATION_CONDITIONS = DEBUG;
				SWIFT_OPTIMIZATION_LEVEL = "-Onone";
				SWIFT_VERSION = 5.0;
			};
			name = Debug;
		};
		905CB13212B7A96AB275E314 /* Debug */ = {
			isa = XCBuildConfiguration;
			buildSettings = {
				CLANG_CXX_LANGUAGE_STANDARD = "c++17";
				CLANG_CXX_LIBRARY = "libc++";
				COMBINE_HIDPI_IMAGES = YES;
				CURRENT_PROJECT_VERSION = 6;
				FRAMEWORK_SEARCH_PATHS = (
					"$(inherited)",
					"\".\"",
				);
				GCC_SYMBOLS_PRIVATE_EXTERN = YES;
				GENERATE_INFOPLIST_FILE = NO;
				INFOPLIST_FILE = Driver/Info.plist;
				INSTALL_PATH = "/Library/Audio/Plug-Ins/HAL";
				LD_RUNPATH_SEARCH_PATHS = (
					"$(inherited)",
					"@executable_path/../Frameworks",
				);
				MARKETING_VERSION = 1.1.2;
				PRODUCT_BUNDLE_IDENTIFIER = audio.ether.driver;
				PRODUCT_NAME = EtherDriver;
				SDKROOT = macosx;
				SKIP_INSTALL = NO;
				WRAPPER_EXTENSION = driver;
			};
			name = Debug;
		};
		9A209EF2C0A7BF44205A399F /* Release */ = {
			isa = XCBuildConfiguration;
			buildSettings = {
				CLANG_CXX_LANGUAGE_STANDARD = "c++17";
				CLANG_CXX_LIBRARY = "libc++";
				COMBINE_HIDPI_IMAGES = YES;
				CURRENT_PROJECT_VERSION = 6;
				FRAMEWORK_SEARCH_PATHS = (
					"$(inherited)",
					"\".\"",
				);
				GCC_SYMBOLS_PRIVATE_EXTERN = YES;
				GENERATE_INFOPLIST_FILE = NO;
				INFOPLIST_FILE = Driver/Info.plist;
				INSTALL_PATH = "/Library/Audio/Plug-Ins/HAL";
				LD_RUNPATH_SEARCH_PATHS = (
					"$(inherited)",
					"@executable_path/../Frameworks",
				);
				MARKETING_VERSION = 1.1.2;
				PRODUCT_BUNDLE_IDENTIFIER = audio.ether.driver;
				PRODUCT_NAME = EtherDriver;
				SDKROOT = macosx;
				SKIP_INSTALL = NO;
				WRAPPER_EXTENSION = driver;
			};
			name = Release;
		};
/* End XCBuildConfiguration section */

/* Begin XCConfigurationList section */
		CF9FD6B639C7735EFA16ADF6 /* Build configuration list for PBXNativeTarget "Ether" */ = {
			isa = XCConfigurationList;
			buildConfigurations = (
				78074C9CCC1E91E374AF9D35 /* Debug */,
				46D56955C0D01C83509CB555 /* Release */,
			);
			defaultConfigurationIsVisible = 0;
			defaultConfigurationName = Debug;
		};
		EF68CBB208C49C759D320992 /* Build configuration list for PBXNativeTarget "EtherDriver" */ = {
			isa = XCConfigurationList;
			buildConfigurations = (
				905CB13212B7A96AB275E314 /* Debug */,
				9A209EF2C0A7BF44205A399F /* Release */,
			);
			defaultConfigurationIsVisible = 0;
			defaultConfigurationName = Debug;
		};
		F9FEA416E250B1A34AF4DFB4 /* Build configuration list for PBXProject "Ether" */ = {
			isa = XCConfigurationList;
			buildConfigurations = (
				86DED24F8C81AD3EAD37EACE /* Debug */,
				30C3A96DEE5487744ABDBC53 /* Release */,
			);
			defaultConfigurationIsVisible = 0;
			defaultConfigurationName = Debug;
		};
/* End XCConfigurationList section */
	};
	rootObject = 4D8DEB8D566E1C3C0D34BB3A /* Project object */;
}
